
Microsoft Visual Studio Solution File, Format Version 12.00
# Visual Studio Version 17
VisualStudioVersion = 17.12.35707.178 d17.12
MinimumVisualStudioVersion = 10.0.40219.1
Project("{FAE04EC0-301F-11D3-BF4B-00C04F79EFBC}") = "EnterpriseWebApi.API", "EnterpriseWebApi.API\EnterpriseWebApi.API.csproj", "{2F01EFFB-0275-409E-AA45-8C8082A0A3C8}"
EndProject
Project("{FAE04EC0-301F-11D3-BF4B-00C04F79EFBC}") = "EnterpriseWebApi.Application", "EnterpriseWebApi.Application\EnterpriseWebApi.Application.csproj", "{9344C5E9-1655-4568-8AFC-800699E083CC}"
EndProject
Project("{FAE04EC0-301F-11D3-BF4B-00C04F79EFBC}") = "EnterpriseWebApi.Domain", "EnterpriseWebApi.Domain\EnterpriseWebApi.Domain.csproj", "{208B854F-AEFD-4C21-83B4-D5A1EBD16939}"
EndProject
Project("{FAE04EC0-301F-11D3-BF4B-00C04F79EFBC}") = "EnterpriseWebApi.Infrastructure", "EnterpriseWebApi.Infrastructure\EnterpriseWebApi.Infrastructure.csproj", "{DA79E2AA-69DF-4872-8E3E-035FB6E22D78}"
EndProject
Global
	GlobalSection(SolutionConfigurationPlatforms) = preSolution
		Debug|Any CPU = Debug|Any CPU
		Release|Any CPU = Release|Any CPU
	EndGlobalSection
	GlobalSection(ProjectConfigurationPlatforms) = postSolution
		{2F01EFFB-0275-409E-AA45-8C8082A0A3C8}.Debug|Any CPU.ActiveCfg = Debug|Any CPU
		{2F01EFFB-0275-409E-AA45-8C8082A0A3C8}.Debug|Any CPU.Build.0 = Debug|Any CPU
		{2F01EFFB-0275-409E-AA45-8C8082A0A3C8}.Release|Any CPU.ActiveCfg = Release|Any CPU
		{2F01EFFB-0275-409E-AA45-8C8082A0A3C8}.Release|Any CPU.Build.0 = Release|Any CPU
		{9344C5E9-1655-4568-8AFC-800699E083CC}.Debug|Any CPU.ActiveCfg = Debug|Any CPU
		{9344C5E9-1655-4568-8AFC-800699E083CC}.Debug|Any CPU.Build.0 = Debug|Any CPU
		{9344C5E9-1655-4568-8AFC-800699E083CC}.Release|Any CPU.ActiveCfg = Release|Any CPU
		{9344C5E9-1655-4568-8AFC-800699E083CC}.Release|Any CPU.Build.0 = Release|Any CPU
		{208B854F-AEFD-4C21-83B4-D5A1EBD16939}.Debug|Any CPU.ActiveCfg = Debug|Any CPU
		{208B854F-AEFD-4C21-83B4-D5A1EBD16939}.Debug|Any CPU.Build.0 = Debug|Any CPU
		{208B854F-AEFD-4C21-83B4-D5A1EBD16939}.Release|Any CPU.ActiveCfg = Release|Any CPU
		{208B854F-AEFD-4C21-83B4-D5A1EBD16939}.Release|Any CPU.Build.0 = Release|Any CPU
		{DA79E2AA-69DF-4872-8E3E-035FB6E22D78}.Debug|Any CPU.ActiveCfg = Debug|Any CPU
		{DA79E2AA-69DF-4872-8E3E-035FB6E22D78}.Debug|Any CPU.Build.0 = Debug|Any CPU
		{DA79E2AA-69DF-4872-8E3E-035FB6E22D78}.Release|Any CPU.ActiveCfg = Release|Any CPU
		{DA79E2AA-69DF-4872-8E3E-035FB6E22D78}.Release|Any CPU.Build.0 = Release|Any CPU
	EndGlobalSection
	GlobalSection(SolutionProperties) = preSolution
		HideSolutionNode = FALSE
	EndGlobalSection
EndGlobal
